{
  "name": "application",
  "lockfileVersion": 3,
  "requires": true,
  "packages": {
    "": {
      "dependencies": {
        "@types/office-js": "^1.0.376",
        "typescript": "^5.3.3"
      }
    },
    "node_modules/@types/office-js": {
      "version": "1.0.376",
      "resolved": "https://registry.npmjs.org/@types/office-js/-/office-js-1.0.376.tgz",
      "integrity": "sha512-tK9AxUYH5+Af47VrHq+Mx8sFL8fWBCXs0zUm4k1EIi8uFFO295lj5VQq+Iqp6yZQkQeuYSWMEOBCSRrut0UaNA=="
    },
    "node_modules/typescript": {
      "version": "5.3.3",
      "resolved": "https://registry.npmjs.org/typescript/-/typescript-5.3.3.tgz",
      "integrity": "sha512-pXWcraxM0uxAS+tN0AG/BF2TyqmHO014Z070UsJ+pFvYuRSq8KH8DmWpnbXe0pEPDHXZV3FcAbJkijJ5oNEnWw==",
      "bin": {
        "tsc": "bin/tsc",
        "tsserver": "bin/tsserver"
      },
      "engines": {
        "node": ">=14.17"
      }
    }
  }
}
